
Microsoft Visual Studio Solution File, Format Version 12.00
# Visual Studio 14
VisualStudioVersion = 14.0.25420.1
MinimumVisualStudioVersion = 10.0.40219.1
Project("{FAE04EC0-301F-11D3-BF4B-00C04F79EFBC}") = "Algorithms.LinkedList", "Algorithms.LinkedList\Algorithms.LinkedList.csproj", "{983C2F3C-C201-48BC-BED8-C1FF54E02A50}"
EndProject
Project("{FAE04EC0-301F-11D3-BF4B-00C04F79EFBC}") = "Algorithms.LinkedListTests", "Algorithms.LinkedListTests\Algorithms.LinkedListTests.csproj", "{40163B66-FAD2-4D69-82CB-C93C1F6B85A9}"
EndProject
Project("{FAE04EC0-301F-11D3-BF4B-00C04F79EFBC}") = "Algorithms.ArrayList", "Algorithms.ArrayList\Algorithms.ArrayList.csproj", "{F1359A80-8AD4-4F4F-8262-2C7513A88326}"
EndProject
Project("{FAE04EC0-301F-11D3-BF4B-00C04F79EFBC}") = "Algorithms.ArrayListTests", "Algorithms.ArrayListTests\Algorithms.ArrayListTests.csproj", "{34CB89DD-18C9-4B87-8188-971468A09767}"
EndProject
Project("{FAE04EC0-301F-11D3-BF4B-00C04F79EFBC}") = "Algorithms.StackAndQueue", "Algorithms.StackAndQueue\Algorithms.StackAndQueue.csproj", "{D576470F-6326-4AE2-B49A-148A86898571}"
EndProject
Project("{FAE04EC0-301F-11D3-BF4B-00C04F79EFBC}") = "Algorithms.StackAndQueueTests", "Algorithms.StackAndQueueTests\Algorithms.StackAndQueueTests.csproj", "{8E04212E-2810-4D52-96AE-036C89CE98A6}"
EndProject
Project("{FAE04EC0-301F-11D3-BF4B-00C04F79EFBC}") = "Algorithms.BinarySearchTrees", "Algorithms.BinarySearchTree\Algorithms.BinarySearchTrees.csproj", "{8E3F0350-0E4C-4244-9E30-23CBC15A2317}"
EndProject
Project("{FAE04EC0-301F-11D3-BF4B-00C04F79EFBC}") = "Algorithms.BinarySearchTreesTests", "Algorithms.BinarySearchTreesTests\Algorithms.BinarySearchTreesTests.csproj", "{0E58D2BD-511E-4456-B3BC-CB8B0AD4D22C}"
EndProject
Project("{FAE04EC0-301F-11D3-BF4B-00C04F79EFBC}") = "Algorithms.CustomHashtable", "Algorithms.CustomHashtable\Algorithms.CustomHashtable.csproj", "{3523FEF7-E90A-4AD5-A200-C448872D12DA}"
EndProject
Project("{FAE04EC0-301F-11D3-BF4B-00C04F79EFBC}") = "Algorithms.HashTableTests", "Algorithms.HashTableTests\Algorithms.HashTableTests.csproj", "{BD083AC1-01E9-453C-8232-043247965CE5}"
EndProject
Project("{FAE04EC0-301F-11D3-BF4B-00C04F79EFBC}") = "Algorithms.Tries", "Algorithms.Tries\Algorithms.Tries.csproj", "{98B07FF2-D555-4F40-96DD-31D678553039}"
EndProject
Project("{FAE04EC0-301F-11D3-BF4B-00C04F79EFBC}") = "Algorithms.Tries.Tests", "Algorithms.Tries.Tests\Algorithms.Tries.Tests.csproj", "{C4702B1D-DC7E-43A8-9B18-ED7E38EB5F59}"
EndProject
Project("{FAE04EC0-301F-11D3-BF4B-00C04F79EFBC}") = "Algorithms.Heap", "Algorithms.Heap\Algorithms.Heap.csproj", "{E31FC0C1-9A80-4C33-8FFB-9441DB84E920}"
EndProject
Project("{FAE04EC0-301F-11D3-BF4B-00C04F79EFBC}") = "Algorithms.heap.Tests", "Algorithms.heap.Tests\Algorithms.heap.Tests.csproj", "{34182CAB-8E99-4143-AE26-EE7DA3B8747C}"
EndProject
Project("{FAE04EC0-301F-11D3-BF4B-00C04F79EFBC}") = "Algorithms.PriorityQueue", "Algorithms.PriorityQueue\Algorithms.PriorityQueue.csproj", "{330533A7-F7B6-4731-A6AF-D85E657264D9}"
EndProject
Project("{FAE04EC0-301F-11D3-BF4B-00C04F79EFBC}") = "Algorithms.PriorityQueueTests", "Algorithms.PriorityQueueTests\Algorithms.PriorityQueueTests.csproj", "{E412977C-04E9-4BF8-9285-52C4C30344A9}"
EndProject
Project("{FAE04EC0-301F-11D3-BF4B-00C04F79EFBC}") = "Algorithms.Sorting", "Algorithms.Sorting\Algorithms.Sorting.csproj", "{F92C9BA4-F40B-4E5F-9AFD-9D4E8BD02976}"
EndProject
Project("{FAE04EC0-301F-11D3-BF4B-00C04F79EFBC}") = "Algorithms.SortingTests", "Algorithms.SortingTests\Algorithms.SortingTests.csproj", "{BA4CC8FB-A48E-4816-9598-65800442942B}"
EndProject
Project("{FAE04EC0-301F-11D3-BF4B-00C04F79EFBC}") = "Algorithms.Graphs", "Algorithms.Graphs\Algorithms.Graphs.csproj", "{BD98599F-01AB-4897-87A4-81ACC53ADB70}"
EndProject
Project("{FAE04EC0-301F-11D3-BF4B-00C04F79EFBC}") = "Algorithms.GraphTests", "Algorithms.GraphTests\Algorithms.GraphTests.csproj", "{EB77D29F-62F4-4994-886E-3CDEFF170FF4}"
EndProject
Project("{FAE04EC0-301F-11D3-BF4B-00C04F79EFBC}") = "Algorithms.Maze", "Algorithms.Maze\Algorithms.Maze.csproj", "{15EDBD5F-1E64-4704-A580-A56BC4787633}"
EndProject
Project("{FAE04EC0-301F-11D3-BF4B-00C04F79EFBC}") = "Algorithms.Maze.Consolerunner", "Algorithms.Maze.Consolerunner\Algorithms.Maze.Consolerunner.csproj", "{25205737-B0B1-4007-B20E-5CC70E45AEFB}"
EndProject
Global
	GlobalSection(SolutionConfigurationPlatforms) = preSolution
		Debug|Any CPU = Debug|Any CPU
		Release|Any CPU = Release|Any CPU
	EndGlobalSection
	GlobalSection(ProjectConfigurationPlatforms) = postSolution
		{983C2F3C-C201-48BC-BED8-C1FF54E02A50}.Debug|Any CPU.ActiveCfg = Debug|Any CPU
		{983C2F3C-C201-48BC-BED8-C1FF54E02A50}.Debug|Any CPU.Build.0 = Debug|Any CPU
		{983C2F3C-C201-48BC-BED8-C1FF54E02A50}.Release|Any CPU.ActiveCfg = Release|Any CPU
		{983C2F3C-C201-48BC-BED8-C1FF54E02A50}.Release|Any CPU.Build.0 = Release|Any CPU
		{40163B66-FAD2-4D69-82CB-C93C1F6B85A9}.Debug|Any CPU.ActiveCfg = Debug|Any CPU
		{40163B66-FAD2-4D69-82CB-C93C1F6B85A9}.Debug|Any CPU.Build.0 = Debug|Any CPU
		{40163B66-FAD2-4D69-82CB-C93C1F6B85A9}.Release|Any CPU.ActiveCfg = Release|Any CPU
		{40163B66-FAD2-4D69-82CB-C93C1F6B85A9}.Release|Any CPU.Build.0 = Release|Any CPU
		{F1359A80-8AD4-4F4F-8262-2C7513A88326}.Debug|Any CPU.ActiveCfg = Debug|Any CPU
		{F1359A80-8AD4-4F4F-8262-2C7513A88326}.Debug|Any CPU.Build.0 = Debug|Any CPU
		{F1359A80-8AD4-4F4F-8262-2C7513A88326}.Release|Any CPU.ActiveCfg = Release|Any CPU
		{F1359A80-8AD4-4F4F-8262-2C7513A88326}.Release|Any CPU.Build.0 = Release|Any CPU
		{34CB89DD-18C9-4B87-8188-971468A09767}.Debug|Any CPU.ActiveCfg = Debug|Any CPU
		{34CB89DD-18C9-4B87-8188-971468A09767}.Debug|Any CPU.Build.0 = Debug|Any CPU
		{34CB89DD-18C9-4B87-8188-971468A09767}.Release|Any CPU.ActiveCfg = Release|Any CPU
		{34CB89DD-18C9-4B87-8188-971468A09767}.Release|Any CPU.Build.0 = Release|Any CPU
		{D576470F-6326-4AE2-B49A-148A86898571}.Debug|Any CPU.ActiveCfg = Debug|Any CPU
		{D576470F-6326-4AE2-B49A-148A86898571}.Debug|Any CPU.Build.0 = Debug|Any CPU
		{D576470F-6326-4AE2-B49A-148A86898571}.Release|Any CPU.ActiveCfg = Release|Any CPU
		{D576470F-6326-4AE2-B49A-148A86898571}.Release|Any CPU.Build.0 = Release|Any CPU
		{8E04212E-2810-4D52-96AE-036C89CE98A6}.Debug|Any CPU.ActiveCfg = Debug|Any CPU
		{8E04212E-2810-4D52-96AE-036C89CE98A6}.Debug|Any CPU.Build.0 = Debug|Any CPU
		{8E04212E-2810-4D52-96AE-036C89CE98A6}.Release|Any CPU.ActiveCfg = Release|Any CPU
		{8E04212E-2810-4D52-96AE-036C89CE98A6}.Release|Any CPU.Build.0 = Release|Any CPU
		{8E3F0350-0E4C-4244-9E30-23CBC15A2317}.Debug|Any CPU.ActiveCfg = Debug|Any CPU
		{8E3F0350-0E4C-4244-9E30-23CBC15A2317}.Debug|Any CPU.Build.0 = Debug|Any CPU
		{8E3F0350-0E4C-4244-9E30-23CBC15A2317}.Release|Any CPU.ActiveCfg = Release|Any CPU
		{8E3F0350-0E4C-4244-9E30-23CBC15A2317}.Release|Any CPU.Build.0 = Release|Any CPU
		{0E58D2BD-511E-4456-B3BC-CB8B0AD4D22C}.Debug|Any CPU.ActiveCfg = Debug|Any CPU
		{0E58D2BD-511E-4456-B3BC-CB8B0AD4D22C}.Debug|Any CPU.Build.0 = Debug|Any CPU
		{0E58D2BD-511E-4456-B3BC-CB8B0AD4D22C}.Release|Any CPU.ActiveCfg = Release|Any CPU
		{0E58D2BD-511E-4456-B3BC-CB8B0AD4D22C}.Release|Any CPU.Build.0 = Release|Any CPU
		{3523FEF7-E90A-4AD5-A200-C448872D12DA}.Debug|Any CPU.ActiveCfg = Debug|Any CPU
		{3523FEF7-E90A-4AD5-A200-C448872D12DA}.Debug|Any CPU.Build.0 = Debug|Any CPU
		{3523FEF7-E90A-4AD5-A200-C448872D12DA}.Release|Any CPU.ActiveCfg = Release|Any CPU
		{3523FEF7-E90A-4AD5-A200-C448872D12DA}.Release|Any CPU.Build.0 = Release|Any CPU
		{BD083AC1-01E9-453C-8232-043247965CE5}.Debug|Any CPU.ActiveCfg = Debug|Any CPU
		{BD083AC1-01E9-453C-8232-043247965CE5}.Debug|Any CPU.Build.0 = Debug|Any CPU
		{BD083AC1-01E9-453C-8232-043247965CE5}.Release|Any CPU.ActiveCfg = Release|Any CPU
		{BD083AC1-01E9-453C-8232-043247965CE5}.Release|Any CPU.Build.0 = Release|Any CPU
		{98B07FF2-D555-4F40-96DD-31D678553039}.Debug|Any CPU.ActiveCfg = Debug|Any CPU
		{98B07FF2-D555-4F40-96DD-31D678553039}.Debug|Any CPU.Build.0 = Debug|Any CPU
		{98B07FF2-D555-4F40-96DD-31D678553039}.Release|Any CPU.ActiveCfg = Release|Any CPU
		{98B07FF2-D555-4F40-96DD-31D678553039}.Release|Any CPU.Build.0 = Release|Any CPU
		{C4702B1D-DC7E-43A8-9B18-ED7E38EB5F59}.Debug|Any CPU.ActiveCfg = Debug|Any CPU
		{C4702B1D-DC7E-43A8-9B18-ED7E38EB5F59}.Debug|Any CPU.Build.0 = Debug|Any CPU
		{C4702B1D-DC7E-43A8-9B18-ED7E38EB5F59}.Release|Any CPU.ActiveCfg = Release|Any CPU
		{C4702B1D-DC7E-43A8-9B18-ED7E38EB5F59}.Release|Any CPU.Build.0 = Release|Any CPU
		{E31FC0C1-9A80-4C33-8FFB-9441DB84E920}.Debug|Any CPU.ActiveCfg = Debug|Any CPU
		{E31FC0C1-9A80-4C33-8FFB-9441DB84E920}.Debug|Any CPU.Build.0 = Debug|Any CPU
		{E31FC0C1-9A80-4C33-8FFB-9441DB84E920}.Release|Any CPU.ActiveCfg = Release|Any CPU
		{E31FC0C1-9A80-4C33-8FFB-9441DB84E920}.Release|Any CPU.Build.0 = Release|Any CPU
		{34182CAB-8E99-4143-AE26-EE7DA3B8747C}.Debug|Any CPU.ActiveCfg = Debug|Any CPU
		{34182CAB-8E99-4143-AE26-EE7DA3B8747C}.Debug|Any CPU.Build.0 = Debug|Any CPU
		{34182CAB-8E99-4143-AE26-EE7DA3B8747C}.Release|Any CPU.ActiveCfg = Release|Any CPU
		{34182CAB-8E99-4143-AE26-EE7DA3B8747C}.Release|Any CPU.Build.0 = Release|Any CPU
		{330533A7-F7B6-4731-A6AF-D85E657264D9}.Debug|Any CPU.ActiveCfg = Debug|Any CPU
		{330533A7-F7B6-4731-A6AF-D85E657264D9}.Debug|Any CPU.Build.0 = Debug|Any CPU
		{330533A7-F7B6-4731-A6AF-D85E657264D9}.Release|Any CPU.ActiveCfg = Release|Any CPU
		{330533A7-F7B6-4731-A6AF-D85E657264D9}.Release|Any CPU.Build.0 = Release|Any CPU
		{E412977C-04E9-4BF8-9285-52C4C30344A9}.Debug|Any CPU.ActiveCfg = Debug|Any CPU
		{E412977C-04E9-4BF8-9285-52C4C30344A9}.Debug|Any CPU.Build.0 = Debug|Any CPU
		{E412977C-04E9-4BF8-9285-52C4C30344A9}.Release|Any CPU.ActiveCfg = Release|Any CPU
		{E412977C-04E9-4BF8-9285-52C4C30344A9}.Release|Any CPU.Build.0 = Release|Any CPU
		{F92C9BA4-F40B-4E5F-9AFD-9D4E8BD02976}.Debug|Any CPU.ActiveCfg = Debug|Any CPU
		{F92C9BA4-F40B-4E5F-9AFD-9D4E8BD02976}.Debug|Any CPU.Build.0 = Debug|Any CPU
		{F92C9BA4-F40B-4E5F-9AFD-9D4E8BD02976}.Release|Any CPU.ActiveCfg = Release|Any CPU
		{F92C9BA4-F40B-4E5F-9AFD-9D4E8BD02976}.Release|Any CPU.Build.0 = Release|Any CPU
		{BA4CC8FB-A48E-4816-9598-65800442942B}.Debug|Any CPU.ActiveCfg = Debug|Any CPU
		{BA4CC8FB-A48E-4816-9598-65800442942B}.Debug|Any CPU.Build.0 = Debug|Any CPU
		{BA4CC8FB-A48E-4816-9598-65800442942B}.Release|Any CPU.ActiveCfg = Release|Any CPU
		{BA4CC8FB-A48E-4816-9598-65800442942B}.Release|Any CPU.Build.0 = Release|Any CPU
		{BD98599F-01AB-4897-87A4-81ACC53ADB70}.Debug|Any CPU.ActiveCfg = Debug|Any CPU
		{BD98599F-01AB-4897-87A4-81ACC53ADB70}.Debug|Any CPU.Build.0 = Debug|Any CPU
		{BD98599F-01AB-4897-87A4-81ACC53ADB70}.Release|Any CPU.ActiveCfg = Release|Any CPU
		{BD98599F-01AB-4897-87A4-81ACC53ADB70}.Release|Any CPU.Build.0 = Release|Any CPU
		{EB77D29F-62F4-4994-886E-3CDEFF170FF4}.Debug|Any CPU.ActiveCfg = Debug|Any CPU
		{EB77D29F-62F4-4994-886E-3CDEFF170FF4}.Debug|Any CPU.Build.0 = Debug|Any CPU
		{EB77D29F-62F4-4994-886E-3CDEFF170FF4}.Release|Any CPU.ActiveCfg = Release|Any CPU
		{EB77D29F-62F4-4994-886E-3CDEFF170FF4}.Release|Any CPU.Build.0 = Release|Any CPU
		{15EDBD5F-1E64-4704-A580-A56BC4787633}.Debug|Any CPU.ActiveCfg = Debug|Any CPU
		{15EDBD5F-1E64-4704-A580-A56BC4787633}.Debug|Any CPU.Build.0 = Debug|Any CPU
		{15EDBD5F-1E64-4704-A580-A56BC4787633}.Release|Any CPU.ActiveCfg = Release|Any CPU
		{15EDBD5F-1E64-4704-A580-A56BC4787633}.Release|Any CPU.Build.0 = Release|Any CPU
		{25205737-B0B1-4007-B20E-5CC70E45AEFB}.Debug|Any CPU.ActiveCfg = Debug|Any CPU
		{25205737-B0B1-4007-B20E-5CC70E45AEFB}.Debug|Any CPU.Build.0 = Debug|Any CPU
		{25205737-B0B1-4007-B20E-5CC70E45AEFB}.Release|Any CPU.ActiveCfg = Release|Any CPU
		{25205737-B0B1-4007-B20E-5CC70E45AEFB}.Release|Any CPU.Build.0 = Release|Any CPU
	EndGlobalSection
	GlobalSection(SolutionProperties) = preSolution
		HideSolutionNode = FALSE
	EndGlobalSection
EndGlobal
